// !$*UTF8*$!
{
	archiveVersion = 1;
	classes = {
	};
	objectVersion = 56;
	objects = {

/* Begin PBXBuildFile section */
		090D82C12B19DC76000D1B47 /* AgenceViewModel.swift in Sources */ = {isa = PBXBuildFile; fileRef = 090D82C02B19DC76000D1B47 /* AgenceViewModel.swift */; };
		090D82C42B19DC9C000D1B47 /* AgenceService.swift in Sources */ = {isa = PBXBuildFile; fileRef = 090D82C32B19DC9C000D1B47 /* AgenceService.swift */; };
		090D82C62B19DDDA000D1B47 /* addDist.swift in Sources */ = {isa = PBXBuildFile; fileRef = 090D82C52B19DDDA000D1B47 /* addDist.swift */; };
		090D82C82B19DDFB000D1B47 /* updateDist.swift in Sources */ = {isa = PBXBuildFile; fileRef = 090D82C72B19DDFB000D1B47 /* updateDist.swift */; };
		090D82CA2B19DE10000D1B47 /* distribution.swift in Sources */ = {isa = PBXBuildFile; fileRef = 090D82C92B19DE10000D1B47 /* distribution.swift */; };
		090D82CC2B19DE23000D1B47 /* distributions.swift in Sources */ = {isa = PBXBuildFile; fileRef = 090D82CB2B19DE23000D1B47 /* distributions.swift */; };
		090D82CE2B19DE30000D1B47 /* Link.swift in Sources */ = {isa = PBXBuildFile; fileRef = 090D82CD2B19DE30000D1B47 /* Link.swift */; };
		09666FC52B17E7E10025248E /* AgenceView.swift in Sources */ = {isa = PBXBuildFile; fileRef = 09666FC42B17E7E10025248E /* AgenceView.swift */; };
		09D7DF732B17E287003080D5 /* Agence.swift in Sources */ = {isa = PBXBuildFile; fileRef = 09D7DF722B17E287003080D5 /* Agence.swift */; };
		30F918AE2B13999D004EAF46 /* ReservationModel.swift in Sources */ = {isa = PBXBuildFile; fileRef = 30F918AD2B13999D004EAF46 /* ReservationModel.swift */; };
		30F918B02B139E1F004EAF46 /* ReservationListView.swift in Sources */ = {isa = PBXBuildFile; fileRef = 30F918AF2B139E1F004EAF46 /* ReservationListView.swift */; };
		33D31BCE2B13B079007E1B84 /* SignIn.swift in Sources */ = {isa = PBXBuildFile; fileRef = 33D31BCD2B13B079007E1B84 /* SignIn.swift */; };
		33D31BD02B13B184007E1B84 /* SignUp.swift in Sources */ = {isa = PBXBuildFile; fileRef = 33D31BCF2B13B184007E1B84 /* SignUp.swift */; };
		33D31BD22B13B1B9007E1B84 /* ForgotPassword.swift in Sources */ = {isa = PBXBuildFile; fileRef = 33D31BD12B13B1B9007E1B84 /* ForgotPassword.swift */; };
		33D31BD42B13B3A4007E1B84 /* User.swift in Sources */ = {isa = PBXBuildFile; fileRef = 33D31BD32B13B3A4007E1B84 /* User.swift */; };
		33D31BD62B13B435007E1B84 /* UserProfile.swift in Sources */ = {isa = PBXBuildFile; fileRef = 33D31BD52B13B435007E1B84 /* UserProfile.swift */; };
		33ECD5EB2B1950D80010A977 /* UpdateUser.swift in Sources */ = {isa = PBXBuildFile; fileRef = 33ECD5EA2B1950D80010A977 /* UpdateUser.swift */; };
		33ECD5ED2B1951660010A977 /* ResetPassword.swift in Sources */ = {isa = PBXBuildFile; fileRef = 33ECD5EC2B1951660010A977 /* ResetPassword.swift */; };
		33ECD5EF2B1951AB0010A977 /* UpdatePassword.swift in Sources */ = {isa = PBXBuildFile; fileRef = 33ECD5EE2B1951AB0010A977 /* UpdatePassword.swift */; };
		33ECD5F12B1951D70010A977 /* SplashScreen.swift in Sources */ = {isa = PBXBuildFile; fileRef = 33ECD5F02B1951D70010A977 /* SplashScreen.swift */; };
		4336F29E2B22843000F51BC2 /* CardView.swift in Sources */ = {isa = PBXBuildFile; fileRef = 4336F29D2B22843000F51BC2 /* CardView.swift */; };
		4681CCA52B19283E00359338 /* RservationDetailView.swift in Sources */ = {isa = PBXBuildFile; fileRef = 4681CCA42B19283E00359338 /* RservationDetailView.swift */; };
		4681CCA72B19285600359338 /* ReservationCardView.swift in Sources */ = {isa = PBXBuildFile; fileRef = 4681CCA62B19285600359338 /* ReservationCardView.swift */; };
		4681CCA92B19286E00359338 /* AddReservation.swift in Sources */ = {isa = PBXBuildFile; fileRef = 4681CCA82B19286E00359338 /* AddReservation.swift */; };
		4681CCAB2B192C3900359338 /* DetailChat.swift in Sources */ = {isa = PBXBuildFile; fileRef = 4681CCAA2B192C3900359338 /* DetailChat.swift */; };
		4681CCAD2B192C6B00359338 /* UpdateReservation.swift in Sources */ = {isa = PBXBuildFile; fileRef = 4681CCAC2B192C6B00359338 /* UpdateReservation.swift */; };
		4688E99D2B19105000F83DD5 /* addTool.swift in Sources */ = {isa = PBXBuildFile; fileRef = 4688E99C2B19105000F83DD5 /* addTool.swift */; };
		4688E99F2B19106D00F83DD5 /* Tool.swift in Sources */ = {isa = PBXBuildFile; fileRef = 4688E99E2B19106D00F83DD5 /* Tool.swift */; };
		4688E9A12B19108E00F83DD5 /* tools.swift in Sources */ = {isa = PBXBuildFile; fileRef = 4688E9A02B19108E00F83DD5 /* tools.swift */; };
		4688E9A32B1910A900F83DD5 /* updateTool.swift in Sources */ = {isa = PBXBuildFile; fileRef = 4688E9A22B1910A900F83DD5 /* updateTool.swift */; };
		4688E9A52B1910C300F83DD5 /* Distribution.swift in Sources */ = {isa = PBXBuildFile; fileRef = 4688E9A42B1910C300F83DD5 /* Distribution.swift */; };
		4688E9A72B1910EC00F83DD5 /* Tools.swift in Sources */ = {isa = PBXBuildFile; fileRef = 4688E9A62B1910EC00F83DD5 /* Tools.swift */; };
		4688E9A92B1911AA00F83DD5 /* Message.swift in Sources */ = {isa = PBXBuildFile; fileRef = 4688E9A82B1911AA00F83DD5 /* Message.swift */; };
		4688E9AB2B1911F500F83DD5 /* CardCurrentConnectedUsers.swift in Sources */ = {isa = PBXBuildFile; fileRef = 4688E9AA2B1911F500F83DD5 /* CardCurrentConnectedUsers.swift */; };
		4688E9AD2B19125E00F83DD5 /* CardMessage.swift in Sources */ = {isa = PBXBuildFile; fileRef = 4688E9AC2B19125E00F83DD5 /* CardMessage.swift */; };
		4688E9AF2B1912BC00F83DD5 /* ConversationMessagesView.swift in Sources */ = {isa = PBXBuildFile; fileRef = 4688E9AE2B1912BC00F83DD5 /* ConversationMessagesView.swift */; };
		4688E9B12B1912D600F83DD5 /* NewMessageView.swift in Sources */ = {isa = PBXBuildFile; fileRef = 4688E9B02B1912D600F83DD5 /* NewMessageView.swift */; };
		4688E9B32B1912FC00F83DD5 /* SelectedImageViewModel.swift in Sources */ = {isa = PBXBuildFile; fileRef = 4688E9B22B1912FC00F83DD5 /* SelectedImageViewModel.swift */; };
		7F3285492B1609BD00ABE165 /* Car.swift in Sources */ = {isa = PBXBuildFile; fileRef = 7F3285482B1609BD00ABE165 /* Car.swift */; };
		7F32854B2B160CAE00ABE165 /* DetailFlotte.swift in Sources */ = {isa = PBXBuildFile; fileRef = 7F32854A2B160CAE00ABE165 /* DetailFlotte.swift */; };
		7F6439192B162917001416B3 /* Ajouter_Voiture.swift in Sources */ = {isa = PBXBuildFile; fileRef = 7F6439182B162917001416B3 /* Ajouter_Voiture.swift */; };
		7FA0E9612B148AA900A46450 /* DashboardFlotte.swift in Sources */ = {isa = PBXBuildFile; fileRef = 7FA0E9602B148AA900A46450 /* DashboardFlotte.swift */; };
		7FB00C412B1756F900764794 /* Detail_Voiture.swift in Sources */ = {isa = PBXBuildFile; fileRef = 7FB00C402B1756F900764794 /* Detail_Voiture.swift */; };
		7FB00C432B175DBB00764794 /* Detail_Entretien.swift in Sources */ = {isa = PBXBuildFile; fileRef = 7FB00C422B175DBB00764794 /* Detail_Entretien.swift */; };
		7FB00C452B17743500764794 /* Page_Entretiens.swift in Sources */ = {isa = PBXBuildFile; fileRef = 7FB00C442B17743500764794 /* Page_Entretiens.swift */; };
		7FB00C472B17756300764794 /* Geolocalisation.swift in Sources */ = {isa = PBXBuildFile; fileRef = 7FB00C462B17756300764794 /* Geolocalisation.swift */; };
		7FB00C492B1776EE00764794 /* HistoriqueEntretiens.swift in Sources */ = {isa = PBXBuildFile; fileRef = 7FB00C482B1776EE00764794 /* HistoriqueEntretiens.swift */; };
		81312F6E2B164614001D38C9 /* Ajouter_Entretien.swift in Sources */ = {isa = PBXBuildFile; fileRef = 81312F6D2B164614001D38C9 /* Ajouter_Entretien.swift */; };
		81312F702B1647AA001D38C9 /* Modifier_Entretien.swift in Sources */ = {isa = PBXBuildFile; fileRef = 81312F6F2B1647AA001D38C9 /* Modifier_Entretien.swift */; };
		81C7C3A22B1641F1000D3C90 /* Modifier_Voiture.swift in Sources */ = {isa = PBXBuildFile; fileRef = 81C7C3A12B1641F1000D3C90 /* Modifier_Voiture.swift */; };
		DC453BD02B122E0100B2B9BA /* UserMainView.swift in Sources */ = {isa = PBXBuildFile; fileRef = DC453BCF2B122E0100B2B9BA /* UserMainView.swift */; };
		DC453BD22B122E5800B2B9BA /* FlotteMainView.swift in Sources */ = {isa = PBXBuildFile; fileRef = DC453BD12B122E5800B2B9BA /* FlotteMainView.swift */; };
		DC453BD42B122ECA00B2B9BA /* AgenceMainView.swift in Sources */ = {isa = PBXBuildFile; fileRef = DC453BD32B122ECA00B2B9BA /* AgenceMainView.swift */; };
		DC453BD62B122F4800B2B9BA /* ReservationMainView.swift in Sources */ = {isa = PBXBuildFile; fileRef = DC453BD52B122F4800B2B9BA /* ReservationMainView.swift */; };
		DC453BD82B122F9200B2B9BA /* GarageMainView.swift in Sources */ = {isa = PBXBuildFile; fileRef = DC453BD72B122F9200B2B9BA /* GarageMainView.swift */; };
		DC453BDA2B12301300B2B9BA /* SideBarViewModel.swift in Sources */ = {isa = PBXBuildFile; fileRef = DC453BD92B12301300B2B9BA /* SideBarViewModel.swift */; };
		DC453BDC2B1238AC00B2B9BA /* SideBar.swift in Sources */ = {isa = PBXBuildFile; fileRef = DC453BDB2B1238AC00B2B9BA /* SideBar.swift */; };
		DC453BDE2B12AC1900B2B9BA /* Router.swift in Sources */ = {isa = PBXBuildFile; fileRef = DC453BDD2B12AC1900B2B9BA /* Router.swift */; };
		DC4AC4532B1398E700AFDA6F /* Conversation.swift in Sources */ = {isa = PBXBuildFile; fileRef = DC4AC4522B1398E700AFDA6F /* Conversation.swift */; };
		DC4AC4572B139A4100AFDA6F /* CardConversation.swift in Sources */ = {isa = PBXBuildFile; fileRef = DC4AC4562B139A4100AFDA6F /* CardConversation.swift */; };
		DC51CA342AF8324D00DC8C9A /* LocaGestApp.swift in Sources */ = {isa = PBXBuildFile; fileRef = DC51CA332AF8324D00DC8C9A /* LocaGestApp.swift */; };
		DC51CA382AF8325100DC8C9A /* Assets.xcassets in Resources */ = {isa = PBXBuildFile; fileRef = DC51CA372AF8325100DC8C9A /* Assets.xcassets */; };
		DC51CA3B2AF8325100DC8C9A /* Preview Assets.xcassets in Resources */ = {isa = PBXBuildFile; fileRef = DC51CA3A2AF8325100DC8C9A /* Preview Assets.xcassets */; };
		DC51CA402AF8325100DC8C9A /* LocaGest.xcdatamodeld in Sources */ = {isa = PBXBuildFile; fileRef = DC51CA3E2AF8325100DC8C9A /* LocaGest.xcdatamodeld */; };
		DCFCEF652B10C2CC004C3574 /* ChatMainView.swift in Sources */ = {isa = PBXBuildFile; fileRef = DCFCEF642B10C2CC004C3574 /* ChatMainView.swift */; };
/* End PBXBuildFile section */

/* Begin PBXFileReference section */
		090D82C02B19DC76000D1B47 /* AgenceViewModel.swift */ = {isa = PBXFileReference; lastKnownFileType = sourcecode.swift; path = AgenceViewModel.swift; sourceTree = "<group>"; };
		090D82C32B19DC9C000D1B47 /* AgenceService.swift */ = {isa = PBXFileReference; lastKnownFileType = sourcecode.swift; path = AgenceService.swift; sourceTree = "<group>"; };
		090D82C52B19DDDA000D1B47 /* addDist.swift */ = {isa = PBXFileReference; lastKnownFileType = sourcecode.swift; path = addDist.swift; sourceTree = "<group>"; };
		090D82C72B19DDFB000D1B47 /* updateDist.swift */ = {isa = PBXFileReference; lastKnownFileType = sourcecode.swift; path = updateDist.swift; sourceTree = "<group>"; };
		090D82C92B19DE10000D1B47 /* distribution.swift */ = {isa = PBXFileReference; lastKnownFileType = sourcecode.swift; path = distribution.swift; sourceTree = "<group>"; };
		090D82CB2B19DE23000D1B47 /* distributions.swift */ = {isa = PBXFileReference; lastKnownFileType = sourcecode.swift; path = distributions.swift; sourceTree = "<group>"; };
		090D82CD2B19DE30000D1B47 /* Link.swift */ = {isa = PBXFileReference; lastKnownFileType = sourcecode.swift; path = Link.swift; sourceTree = "<group>"; };
		09666FC42B17E7E10025248E /* AgenceView.swift */ = {isa = PBXFileReference; lastKnownFileType = sourcecode.swift; path = AgenceView.swift; sourceTree = "<group>"; };
		09D7DF722B17E287003080D5 /* Agence.swift */ = {isa = PBXFileReference; lastKnownFileType = sourcecode.swift; path = Agence.swift; sourceTree = "<group>"; };
		30F918AD2B13999D004EAF46 /* ReservationModel.swift */ = {isa = PBXFileReference; lastKnownFileType = sourcecode.swift; path = ReservationModel.swift; sourceTree = "<group>"; };
		30F918AF2B139E1F004EAF46 /* ReservationListView.swift */ = {isa = PBXFileReference; lastKnownFileType = sourcecode.swift; path = ReservationListView.swift; sourceTree = "<group>"; };
		33D31BCD2B13B079007E1B84 /* SignIn.swift */ = {isa = PBXFileReference; lastKnownFileType = sourcecode.swift; path = SignIn.swift; sourceTree = "<group>"; };
		33D31BCF2B13B184007E1B84 /* SignUp.swift */ = {isa = PBXFileReference; lastKnownFileType = sourcecode.swift; path = SignUp.swift; sourceTree = "<group>"; };
		33D31BD12B13B1B9007E1B84 /* ForgotPassword.swift */ = {isa = PBXFileReference; lastKnownFileType = sourcecode.swift; path = ForgotPassword.swift; sourceTree = "<group>"; };
		33D31BD32B13B3A4007E1B84 /* User.swift */ = {isa = PBXFileReference; lastKnownFileType = sourcecode.swift; path = User.swift; sourceTree = "<group>"; };
		33D31BD52B13B435007E1B84 /* UserProfile.swift */ = {isa = PBXFileReference; lastKnownFileType = sourcecode.swift; path = UserProfile.swift; sourceTree = "<group>"; };
		33ECD5EA2B1950D80010A977 /* UpdateUser.swift */ = {isa = PBXFileReference; lastKnownFileType = sourcecode.swift; path = UpdateUser.swift; sourceTree = "<group>"; };
		33ECD5EC2B1951660010A977 /* ResetPassword.swift */ = {isa = PBXFileReference; lastKnownFileType = sourcecode.swift; path = ResetPassword.swift; sourceTree = "<group>"; };
		33ECD5EE2B1951AB0010A977 /* UpdatePassword.swift */ = {isa = PBXFileReference; lastKnownFileType = sourcecode.swift; path = UpdatePassword.swift; sourceTree = "<group>"; };
		33ECD5F02B1951D70010A977 /* SplashScreen.swift */ = {isa = PBXFileReference; lastKnownFileType = sourcecode.swift; path = SplashScreen.swift; sourceTree = "<group>"; };
		4336F29D2B22843000F51BC2 /* CardView.swift */ = {isa = PBXFileReference; lastKnownFileType = sourcecode.swift; path = CardView.swift; sourceTree = "<group>"; };
		4681CCA42B19283E00359338 /* RservationDetailView.swift */ = {isa = PBXFileReference; lastKnownFileType = sourcecode.swift; path = RservationDetailView.swift; sourceTree = "<group>"; };
		4681CCA62B19285600359338 /* ReservationCardView.swift */ = {isa = PBXFileReference; lastKnownFileType = sourcecode.swift; path = ReservationCardView.swift; sourceTree = "<group>"; };
		4681CCA82B19286E00359338 /* AddReservation.swift */ = {isa = PBXFileReference; lastKnownFileType = sourcecode.swift; path = AddReservation.swift; sourceTree = "<group>"; };
		4681CCAA2B192C3900359338 /* DetailChat.swift */ = {isa = PBXFileReference; lastKnownFileType = sourcecode.swift; path = DetailChat.swift; sourceTree = "<group>"; };
		4681CCAC2B192C6B00359338 /* UpdateReservation.swift */ = {isa = PBXFileReference; lastKnownFileType = sourcecode.swift; path = UpdateReservation.swift; sourceTree = "<group>"; };
		4688E99C2B19105000F83DD5 /* addTool.swift */ = {isa = PBXFileReference; lastKnownFileType = sourcecode.swift; path = addTool.swift; sourceTree = "<group>"; };
		4688E99E2B19106D00F83DD5 /* Tool.swift */ = {isa = PBXFileReference; lastKnownFileType = sourcecode.swift; path = Tool.swift; sourceTree = "<group>"; };
		4688E9A02B19108E00F83DD5 /* tools.swift */ = {isa = PBXFileReference; lastKnownFileType = sourcecode.swift; path = tools.swift; sourceTree = "<group>"; };
		4688E9A22B1910A900F83DD5 /* updateTool.swift */ = {isa = PBXFileReference; lastKnownFileType = sourcecode.swift; path = updateTool.swift; sourceTree = "<group>"; };
		4688E9A42B1910C300F83DD5 /* Distribution.swift */ = {isa = PBXFileReference; lastKnownFileType = sourcecode.swift; path = Distribution.swift; sourceTree = "<group>"; };
		4688E9A62B1910EC00F83DD5 /* Tools.swift */ = {isa = PBXFileReference; lastKnownFileType = sourcecode.swift; path = Tools.swift; sourceTree = "<group>"; };
		4688E9A82B1911AA00F83DD5 /* Message.swift */ = {isa = PBXFileReference; lastKnownFileType = sourcecode.swift; path = Message.swift; sourceTree = "<group>"; };
		4688E9AA2B1911F500F83DD5 /* CardCurrentConnectedUsers.swift */ = {isa = PBXFileReference; lastKnownFileType = sourcecode.swift; path = CardCurrentConnectedUsers.swift; sourceTree = "<group>"; };
		4688E9AC2B19125E00F83DD5 /* CardMessage.swift */ = {isa = PBXFileReference; lastKnownFileType = sourcecode.swift; path = CardMessage.swift; sourceTree = "<group>"; };
		4688E9AE2B1912BC00F83DD5 /* ConversationMessagesView.swift */ = {isa = PBXFileReference; lastKnownFileType = sourcecode.swift; path = ConversationMessagesView.swift; sourceTree = "<group>"; };
		4688E9B02B1912D600F83DD5 /* NewMessageView.swift */ = {isa = PBXFileReference; lastKnownFileType = sourcecode.swift; path = NewMessageView.swift; sourceTree = "<group>"; };
		4688E9B22B1912FC00F83DD5 /* SelectedImageViewModel.swift */ = {isa = PBXFileReference; lastKnownFileType = sourcecode.swift; path = SelectedImageViewModel.swift; sourceTree = "<group>"; };
		7F3285482B1609BD00ABE165 /* Car.swift */ = {isa = PBXFileReference; lastKnownFileType = sourcecode.swift; path = Car.swift; sourceTree = "<group>"; };
		7F32854A2B160CAE00ABE165 /* DetailFlotte.swift */ = {isa = PBXFileReference; lastKnownFileType = sourcecode.swift; path = DetailFlotte.swift; sourceTree = "<group>"; };
		7F6439182B162917001416B3 /* Ajouter_Voiture.swift */ = {isa = PBXFileReference; lastKnownFileType = sourcecode.swift; path = Ajouter_Voiture.swift; sourceTree = "<group>"; };
		7FA0E9602B148AA900A46450 /* DashboardFlotte.swift */ = {isa = PBXFileReference; lastKnownFileType = sourcecode.swift; path = DashboardFlotte.swift; sourceTree = "<group>"; };
		7FB00C402B1756F900764794 /* Detail_Voiture.swift */ = {isa = PBXFileReference; lastKnownFileType = sourcecode.swift; path = Detail_Voiture.swift; sourceTree = "<group>"; };
		7FB00C422B175DBB00764794 /* Detail_Entretien.swift */ = {isa = PBXFileReference; lastKnownFileType = sourcecode.swift; path = Detail_Entretien.swift; sourceTree = "<group>"; };
		7FB00C442B17743500764794 /* Page_Entretiens.swift */ = {isa = PBXFileReference; lastKnownFileType = sourcecode.swift; path = Page_Entretiens.swift; sourceTree = "<group>"; };
		7FB00C462B17756300764794 /* Geolocalisation.swift */ = {isa = PBXFileReference; lastKnownFileType = sourcecode.swift; path = Geolocalisation.swift; sourceTree = "<group>"; };
		7FB00C482B1776EE00764794 /* HistoriqueEntretiens.swift */ = {isa = PBXFileReference; lastKnownFileType = sourcecode.swift; path = HistoriqueEntretiens.swift; sourceTree = "<group>"; };
		81312F6D2B164614001D38C9 /* Ajouter_Entretien.swift */ = {isa = PBXFileReference; lastKnownFileType = sourcecode.swift; path = Ajouter_Entretien.swift; sourceTree = "<group>"; };
		81312F6F2B1647AA001D38C9 /* Modifier_Entretien.swift */ = {isa = PBXFileReference; lastKnownFileType = sourcecode.swift; path = Modifier_Entretien.swift; sourceTree = "<group>"; };
		81C7C3A12B1641F1000D3C90 /* Modifier_Voiture.swift */ = {isa = PBXFileReference; lastKnownFileType = sourcecode.swift; path = Modifier_Voiture.swift; sourceTree = "<group>"; };
		DC453BCF2B122E0100B2B9BA /* UserMainView.swift */ = {isa = PBXFileReference; lastKnownFileType = sourcecode.swift; path = UserMainView.swift; sourceTree = "<group>"; };
		DC453BD12B122E5800B2B9BA /* FlotteMainView.swift */ = {isa = PBXFileReference; lastKnownFileType = sourcecode.swift; path = FlotteMainView.swift; sourceTree = "<group>"; };
		DC453BD32B122ECA00B2B9BA /* AgenceMainView.swift */ = {isa = PBXFileReference; lastKnownFileType = sourcecode.swift; path = AgenceMainView.swift; sourceTree = "<group>"; };
		DC453BD52B122F4800B2B9BA /* ReservationMainView.swift */ = {isa = PBXFileReference; lastKnownFileType = sourcecode.swift; path = ReservationMainView.swift; sourceTree = "<group>"; };
		DC453BD72B122F9200B2B9BA /* GarageMainView.swift */ = {isa = PBXFileReference; lastKnownFileType = sourcecode.swift; path = GarageMainView.swift; sourceTree = "<group>"; };
		DC453BD92B12301300B2B9BA /* SideBarViewModel.swift */ = {isa = PBXFileReference; lastKnownFileType = sourcecode.swift; path = SideBarViewModel.swift; sourceTree = "<group>"; };
		DC453BDB2B1238AC00B2B9BA /* SideBar.swift */ = {isa = PBXFileReference; lastKnownFileType = sourcecode.swift; path = SideBar.swift; sourceTree = "<group>"; };
		DC453BDD2B12AC1900B2B9BA /* Router.swift */ = {isa = PBXFileReference; lastKnownFileType = sourcecode.swift; path = Router.swift; sourceTree = "<group>"; };
		DC4AC4522B1398E700AFDA6F /* Conversation.swift */ = {isa = PBXFileReference; lastKnownFileType = sourcecode.swift; path = Conversation.swift; sourceTree = "<group>"; };
		DC4AC4562B139A4100AFDA6F /* CardConversation.swift */ = {isa = PBXFileReference; lastKnownFileType = sourcecode.swift; path = CardConversation.swift; sourceTree = "<group>"; };
		DC51CA302AF8324D00DC8C9A /* LocaGest.app */ = {isa = PBXFileReference; explicitFileType = wrapper.application; includeInIndex = 0; path = LocaGest.app; sourceTree = BUILT_PRODUCTS_DIR; };
		DC51CA332AF8324D00DC8C9A /* LocaGestApp.swift */ = {isa = PBXFileReference; lastKnownFileType = sourcecode.swift; path = LocaGestApp.swift; sourceTree = "<group>"; };
		DC51CA372AF8325100DC8C9A /* Assets.xcassets */ = {isa = PBXFileReference; lastKnownFileType = folder.assetcatalog; path = Assets.xcassets; sourceTree = "<group>"; };
		DC51CA3A2AF8325100DC8C9A /* Preview Assets.xcassets */ = {isa = PBXFileReference; lastKnownFileType = folder.assetcatalog; path = "Preview Assets.xcassets"; sourceTree = "<group>"; };
		DC51CA3F2AF8325100DC8C9A /* LocaGest.xcdatamodel */ = {isa = PBXFileReference; lastKnownFileType = wrapper.xcdatamodel; path = LocaGest.xcdatamodel; sourceTree = "<group>"; };
		DCFCEF642B10C2CC004C3574 /* ChatMainView.swift */ = {isa = PBXFileReference; lastKnownFileType = sourcecode.swift; path = ChatMainView.swift; sourceTree = "<group>"; };
/* End PBXFileReference section */

/* Begin PBXFrameworksBuildPhase section */
		DC51CA2D2AF8324D00DC8C9A /* Frameworks */ = {
			isa = PBXFrameworksBuildPhase;
			buildActionMask = 2147483647;
			files = (
			);
			runOnlyForDeploymentPostprocessing = 0;
		};
/* End PBXFrameworksBuildPhase section */

/* Begin PBXGroup section */
		090D82BF2B19DC5B000D1B47 /* ViewModels */ = {
			isa = PBXGroup;
			children = (
				090D82C02B19DC76000D1B47 /* AgenceViewModel.swift */,
			);
			path = ViewModels;
			sourceTree = "<group>";
		};
		090D82C22B19DC83000D1B47 /* Services */ = {
			isa = PBXGroup;
			children = (
				090D82C32B19DC9C000D1B47 /* AgenceService.swift */,
			);
			path = Services;
			sourceTree = "<group>";
		};
		30D8BA2C2B14F56A00888A18 /* Reservation */ = {
			isa = PBXGroup;
			children = (
				30F918AF2B139E1F004EAF46 /* ReservationListView.swift */,
				DC453BD52B122F4800B2B9BA /* ReservationMainView.swift */,
				4681CCA42B19283E00359338 /* RservationDetailView.swift */,
				4681CCA62B19285600359338 /* ReservationCardView.swift */,
				4681CCA82B19286E00359338 /* AddReservation.swift */,
				4681CCAC2B192C6B00359338 /* UpdateReservation.swift */,
			);
			path = Reservation;
			sourceTree = "<group>";
		};
		30D8BA2D2B14F5B300888A18 /* Agence */ = {
			isa = PBXGroup;
			children = (
				DC453BD32B122ECA00B2B9BA /* AgenceMainView.swift */,
				09666FC42B17E7E10025248E /* AgenceView.swift */,
				4336F29D2B22843000F51BC2 /* CardView.swift */,
			);
			path = Agence;
			sourceTree = "<group>";
		};
		30D8BA2E2B14F5BD00888A18 /* Garage */ = {
			isa = PBXGroup;
			children = (
				DC453BD72B122F9200B2B9BA /* GarageMainView.swift */,
				4688E99C2B19105000F83DD5 /* addTool.swift */,
				4688E99E2B19106D00F83DD5 /* Tool.swift */,
				4688E9A02B19108E00F83DD5 /* tools.swift */,
				4688E9A22B1910A900F83DD5 /* updateTool.swift */,
				090D82C52B19DDDA000D1B47 /* addDist.swift */,
				090D82C72B19DDFB000D1B47 /* updateDist.swift */,
				090D82C92B19DE10000D1B47 /* distribution.swift */,
				090D82CB2B19DE23000D1B47 /* distributions.swift */,
				090D82CD2B19DE30000D1B47 /* Link.swift */,
			);
			path = Garage;
			sourceTree = "<group>";
		};
		30D8BA2F2B14F5C800888A18 /* User */ = {
			isa = PBXGroup;
			children = (
				33D31BD12B13B1B9007E1B84 /* ForgotPassword.swift */,
				33D31BCF2B13B184007E1B84 /* SignUp.swift */,
				33D31BCD2B13B079007E1B84 /* SignIn.swift */,
				DC453BCF2B122E0100B2B9BA /* UserMainView.swift */,
				33D31BD52B13B435007E1B84 /* UserProfile.swift */,
				33ECD5EA2B1950D80010A977 /* UpdateUser.swift */,
				33ECD5EC2B1951660010A977 /* ResetPassword.swift */,
				33ECD5EE2B1951AB0010A977 /* UpdatePassword.swift */,
			);
			path = User;
			sourceTree = "<group>";
		};
		30D8BA302B14F70E00888A18 /* Flotte */ = {
			isa = PBXGroup;
			children = (
				7FA0E9602B148AA900A46450 /* DashboardFlotte.swift */,
				DC453BD12B122E5800B2B9BA /* FlotteMainView.swift */,
				7F32854A2B160CAE00ABE165 /* DetailFlotte.swift */,
				7F6439182B162917001416B3 /* Ajouter_Voiture.swift */,
				81C7C3A12B1641F1000D3C90 /* Modifier_Voiture.swift */,
				81312F6D2B164614001D38C9 /* Ajouter_Entretien.swift */,
				81312F6F2B1647AA001D38C9 /* Modifier_Entretien.swift */,
				7FB00C402B1756F900764794 /* Detail_Voiture.swift */,
				7FB00C422B175DBB00764794 /* Detail_Entretien.swift */,
				7FB00C442B17743500764794 /* Page_Entretiens.swift */,
				7FB00C462B17756300764794 /* Geolocalisation.swift */,
			);
			path = Flotte;
			sourceTree = "<group>";
		};
		30D8BA312B14F7EC00888A18 /* SideBar */ = {
			isa = PBXGroup;
			children = (
				DC453BD92B12301300B2B9BA /* SideBarViewModel.swift */,
				DC453BDB2B1238AC00B2B9BA /* SideBar.swift */,
			);
			path = SideBar;
			sourceTree = "<group>";
		};
		DC4AC4512B1397ED00AFDA6F /* Models */ = {
			isa = PBXGroup;
			children = (
				09D7DF722B17E287003080D5 /* Agence.swift */,
				30F918AD2B13999D004EAF46 /* ReservationModel.swift */,
				DC4AC4522B1398E700AFDA6F /* Conversation.swift */,
				33D31BD32B13B3A4007E1B84 /* User.swift */,
				7F3285482B1609BD00ABE165 /* Car.swift */,
				7FB00C482B1776EE00764794 /* HistoriqueEntretiens.swift */,
				4688E9A42B1910C300F83DD5 /* Distribution.swift */,
				4688E9A62B1910EC00F83DD5 /* Tools.swift */,
				4688E9A82B1911AA00F83DD5 /* Message.swift */,
			);
			path = Models;
			sourceTree = "<group>";
		};
		DC4AC4542B1399F600AFDA6F /* Views */ = {
			isa = PBXGroup;
			children = (
				30D8BA312B14F7EC00888A18 /* SideBar */,
				30D8BA302B14F70E00888A18 /* Flotte */,
				30D8BA2F2B14F5C800888A18 /* User */,
				30D8BA2E2B14F5BD00888A18 /* Garage */,
				30D8BA2D2B14F5B300888A18 /* Agence */,
				30D8BA2C2B14F56A00888A18 /* Reservation */,
				DC4AC4552B139A0D00AFDA6F /* Chat */,
			);
			path = Views;
			sourceTree = "<group>";
		};
		DC4AC4552B139A0D00AFDA6F /* Chat */ = {
			isa = PBXGroup;
			children = (
				DCFCEF642B10C2CC004C3574 /* ChatMainView.swift */,
				DC4AC4562B139A4100AFDA6F /* CardConversation.swift */,
				4688E9AA2B1911F500F83DD5 /* CardCurrentConnectedUsers.swift */,
				4688E9AC2B19125E00F83DD5 /* CardMessage.swift */,
				4688E9AE2B1912BC00F83DD5 /* ConversationMessagesView.swift */,
				4688E9B02B1912D600F83DD5 /* NewMessageView.swift */,
				4688E9B22B1912FC00F83DD5 /* SelectedImageViewModel.swift */,
				4681CCAA2B192C3900359338 /* DetailChat.swift */,
			);
			path = Chat;
			sourceTree = "<group>";
		};
		DC51CA272AF8324D00DC8C9A = {
			isa = PBXGroup;
			children = (
				DC51CA322AF8324D00DC8C9A /* LocaGest */,
				DC51CA312AF8324D00DC8C9A /* Products */,
			);
			sourceTree = "<group>";
		};
		DC51CA312AF8324D00DC8C9A /* Products */ = {
			isa = PBXGroup;
			children = (
				DC51CA302AF8324D00DC8C9A /* LocaGest.app */,
			);
			name = Products;
			sourceTree = "<group>";
		};
		DC51CA322AF8324D00DC8C9A /* LocaGest */ = {
			isa = PBXGroup;
			children = (
				090D82C22B19DC83000D1B47 /* Services */,
				090D82BF2B19DC5B000D1B47 /* ViewModels */,
				DC4AC4542B1399F600AFDA6F /* Views */,
				DC4AC4512B1397ED00AFDA6F /* Models */,
				DC51CA332AF8324D00DC8C9A /* LocaGestApp.swift */,
				DC51CA372AF8325100DC8C9A /* Assets.xcassets */,
				DC51CA3E2AF8325100DC8C9A /* LocaGest.xcdatamodeld */,
				DC51CA392AF8325100DC8C9A /* Preview Content */,
				DC453BDD2B12AC1900B2B9BA /* Router.swift */,
				33ECD5F02B1951D70010A977 /* SplashScreen.swift */,
			);
			path = LocaGest;
			sourceTree = "<group>";
		};
		DC51CA392AF8325100DC8C9A /* Preview Content */ = {
			isa = PBXGroup;
			children = (
				DC51CA3A2AF8325100DC8C9A /* Preview Assets.xcassets */,
			);
			path = "Preview Content";
			sourceTree = "<group>";
		};
/* End PBXGroup section */

/* Begin PBXNativeTarget section */
		DC51CA2F2AF8324D00DC8C9A /* LocaGest */ = {
			isa = PBXNativeTarget;
			buildConfigurationList = DC51CA432AF8325100DC8C9A /* Build configuration list for PBXNativeTarget "LocaGest" */;
			buildPhases = (
				DC51CA2C2AF8324D00DC8C9A /* Sources */,
				DC51CA2D2AF8324D00DC8C9A /* Frameworks */,
				DC51CA2E2AF8324D00DC8C9A /* Resources */,
			);
			buildRules = (
			);
			dependencies = (
			);
			name = LocaGest;
			productName = LocaGest;
			productReference = DC51CA302AF8324D00DC8C9A /* LocaGest.app */;
			productType = "com.apple.product-type.application";
		};
/* End PBXNativeTarget section */

/* Begin PBXProject section */
		DC51CA282AF8324D00DC8C9A /* Project object */ = {
			isa = PBXProject;
			attributes = {
				BuildIndependentTargetsInParallel = 1;
				LastSwiftUpdateCheck = 1430;
				LastUpgradeCheck = 1430;
				TargetAttributes = {
					DC51CA2F2AF8324D00DC8C9A = {
						CreatedOnToolsVersion = 14.3.1;
					};
				};
			};
			buildConfigurationList = DC51CA2B2AF8324D00DC8C9A /* Build configuration list for PBXProject "LocaGest" */;
			compatibilityVersion = "Xcode 14.0";
			developmentRegion = en;
			hasScannedForEncodings = 0;
			knownRegions = (
				en,
				Base,
			);
			mainGroup = DC51CA272AF8324D00DC8C9A;
			productRefGroup = DC51CA312AF8324D00DC8C9A /* Products */;
			projectDirPath = "";
			projectRoot = "";
			targets = (
				DC51CA2F2AF8324D00DC8C9A /* LocaGest */,
			);
		};
/* End PBXProject section */

/* Begin PBXResourcesBuildPhase section */
		DC51CA2E2AF8324D00DC8C9A /* Resources */ = {
			isa = PBXResourcesBuildPhase;
			buildActionMask = 2147483647;
			files = (
				DC51CA3B2AF8325100DC8C9A /* Preview Assets.xcassets in Resources */,
				DC51CA382AF8325100DC8C9A /* Assets.xcassets in Resources */,
			);
			runOnlyForDeploymentPostprocessing = 0;
		};
/* End PBXResourcesBuildPhase section */

/* Begin PBXSourcesBuildPhase section */
		DC51CA2C2AF8324D00DC8C9A /* Sources */ = {
			isa = PBXSourcesBuildPhase;
			buildActionMask = 2147483647;
			files = (
				DC4AC4532B1398E700AFDA6F /* Conversation.swift in Sources */,
				DC453BDE2B12AC1900B2B9BA /* Router.swift in Sources */,
				DC453BD02B122E0100B2B9BA /* UserMainView.swift in Sources */,
				4688E9AF2B1912BC00F83DD5 /* ConversationMessagesView.swift in Sources */,
				4688E9A32B1910A900F83DD5 /* updateTool.swift in Sources */,
				7FB00C492B1776EE00764794 /* HistoriqueEntretiens.swift in Sources */,
				81C7C3A22B1641F1000D3C90 /* Modifier_Voiture.swift in Sources */,
				33D31BD22B13B1B9007E1B84 /* ForgotPassword.swift in Sources */,
				090D82C82B19DDFB000D1B47 /* updateDist.swift in Sources */,
				090D82CA2B19DE10000D1B47 /* distribution.swift in Sources */,
				81312F6E2B164614001D38C9 /* Ajouter_Entretien.swift in Sources */,
				090D82CE2B19DE30000D1B47 /* Link.swift in Sources */,
				4688E9B12B1912D600F83DD5 /* NewMessageView.swift in Sources */,
				4688E9A12B19108E00F83DD5 /* tools.swift in Sources */,
				33ECD5EF2B1951AB0010A977 /* UpdatePassword.swift in Sources */,
				4688E9B32B1912FC00F83DD5 /* SelectedImageViewModel.swift in Sources */,
				DC453BD82B122F9200B2B9BA /* GarageMainView.swift in Sources */,
				33ECD5EB2B1950D80010A977 /* UpdateUser.swift in Sources */,
				7FA0E9612B148AA900A46450 /* DashboardFlotte.swift in Sources */,
				33D31BD02B13B184007E1B84 /* SignUp.swift in Sources */,
				DC4AC4572B139A4100AFDA6F /* CardConversation.swift in Sources */,
				090D82CC2B19DE23000D1B47 /* distributions.swift in Sources */,
				4681CCA52B19283E00359338 /* RservationDetailView.swift in Sources */,
				7FB00C432B175DBB00764794 /* Detail_Entretien.swift in Sources */,
				7F32854B2B160CAE00ABE165 /* DetailFlotte.swift in Sources */,
				4688E9A52B1910C300F83DD5 /* Distribution.swift in Sources */,
				4688E9AD2B19125E00F83DD5 /* CardMessage.swift in Sources */,
				090D82C12B19DC76000D1B47 /* AgenceViewModel.swift in Sources */,
				4336F29E2B22843000F51BC2 /* CardView.swift in Sources */,
				7FB00C412B1756F900764794 /* Detail_Voiture.swift in Sources */,
				33D31BD42B13B3A4007E1B84 /* User.swift in Sources */,
				4688E99D2B19105000F83DD5 /* addTool.swift in Sources */,
				4688E9A92B1911AA00F83DD5 /* Message.swift in Sources */,
				7F6439192B162917001416B3 /* Ajouter_Voiture.swift in Sources */,
				7FB00C472B17756300764794 /* Geolocalisation.swift in Sources */,
				4681CCA72B19285600359338 /* ReservationCardView.swift in Sources */,
				33D31BD62B13B435007E1B84 /* UserProfile.swift in Sources */,
				DC453BD42B122ECA00B2B9BA /* AgenceMainView.swift in Sources */,
				30F918AE2B13999D004EAF46 /* ReservationModel.swift in Sources */,
				09D7DF732B17E287003080D5 /* Agence.swift in Sources */,
				4681CCAD2B192C6B00359338 /* UpdateReservation.swift in Sources */,
				DC453BDA2B12301300B2B9BA /* SideBarViewModel.swift in Sources */,
				DCFCEF652B10C2CC004C3574 /* ChatMainView.swift in Sources */,
				30F918B02B139E1F004EAF46 /* ReservationListView.swift in Sources */,
				DC51CA342AF8324D00DC8C9A /* LocaGestApp.swift in Sources */,
				4688E9AB2B1911F500F83DD5 /* CardCurrentConnectedUsers.swift in Sources */,
				DC51CA402AF8325100DC8C9A /* LocaGest.xcdatamodeld in Sources */,
				4681CCA92B19286E00359338 /* AddReservation.swift in Sources */,
				DC453BD62B122F4800B2B9BA /* ReservationMainView.swift in Sources */,
				33ECD5ED2B1951660010A977 /* ResetPassword.swift in Sources */,
				4688E99F2B19106D00F83DD5 /* Tool.swift in Sources */,
				09666FC52B17E7E10025248E /* AgenceView.swift in Sources */,
				090D82C62B19DDDA000D1B47 /* addDist.swift in Sources */,
				7F3285492B1609BD00ABE165 /* Car.swift in Sources */,
				33D31BCE2B13B079007E1B84 /* SignIn.swift in Sources */,
				090D82C42B19DC9C000D1B47 /* AgenceService.swift in Sources */,
				DC453BDC2B1238AC00B2B9BA /* SideBar.swift in Sources */,
				DC453BD22B122E5800B2B9BA /* FlotteMainView.swift in Sources */,
				33ECD5F12B1951D70010A977 /* SplashScreen.swift in Sources */,
				4681CCAB2B192C3900359338 /* DetailChat.swift in Sources */,
				81312F702B1647AA001D38C9 /* Modifier_Entretien.swift in Sources */,
				7FB00C452B17743500764794 /* Page_Entretiens.swift in Sources */,
				4688E9A72B1910EC00F83DD5 /* Tools.swift in Sources */,
			);
			runOnlyForDeploymentPostprocessing = 0;
		};
/* End PBXSourcesBuildPhase section */

/* Begin XCBuildConfiguration section */
		DC51CA412AF8325100DC8C9A /* Debug */ = {
			isa = XCBuildConfiguration;
			buildSettings = {
				ALWAYS_SEARCH_USER_PATHS = NO;
				CLANG_ANALYZER_NONNULL = YES;
				CLANG_ANALYZER_NUMBER_OBJECT_CONVERSION = YES_AGGRESSIVE;
				CLANG_CXX_LANGUAGE_STANDARD = "gnu++20";
				CLANG_ENABLE_MODULES = YES;
				CLANG_ENABLE_OBJC_ARC = YES;
				CLANG_ENABLE_OBJC_WEAK = YES;
				CLANG_WARN_BLOCK_CAPTURE_AUTORELEASING = YES;
				CLANG_WARN_BOOL_CONVERSION = YES;
				CLANG_WARN_COMMA = YES;
				CLANG_WARN_CONSTANT_CONVERSION = YES;
				CLANG_WARN_DEPRECATED_OBJC_IMPLEMENTATIONS = YES;
				CLANG_WARN_DIRECT_OBJC_ISA_USAGE = YES_ERROR;
				CLANG_WARN_DOCUMENTATION_COMMENTS = YES;
				CLANG_WARN_EMPTY_BODY = YES;
				CLANG_WARN_ENUM_CONVERSION = YES;
				CLANG_WARN_INFINITE_RECURSION = YES;
				CLANG_WARN_INT_CONVERSION = YES;
				CLANG_WARN_NON_LITERAL_NULL_CONVERSION = YES;
				CLANG_WARN_OBJC_IMPLICIT_RETAIN_SELF = YES;
				CLANG_WARN_OBJC_LITERAL_CONVERSION = YES;
				CLANG_WARN_OBJC_ROOT_CLASS = YES_ERROR;
				CLANG_WARN_QUOTED_INCLUDE_IN_FRAMEWORK_HEADER = YES;
				CLANG_WARN_RANGE_LOOP_ANALYSIS = YES;
				CLANG_WARN_STRICT_PROTOTYPES = YES;
				CLANG_WARN_SUSPICIOUS_MOVE = YES;
				CLANG_WARN_UNGUARDED_AVAILABILITY = YES_AGGRESSIVE;
				CLANG_WARN_UNREACHABLE_CODE = YES;
				CLANG_WARN__DUPLICATE_METHOD_MATCH = YES;
				COPY_PHASE_STRIP = NO;
				DEBUG_INFORMATION_FORMAT = dwarf;
				ENABLE_STRICT_OBJC_MSGSEND = YES;
				ENABLE_TESTABILITY = YES;
				GCC_C_LANGUAGE_STANDARD = gnu11;
				GCC_DYNAMIC_NO_PIC = NO;
				GCC_NO_COMMON_BLOCKS = YES;
				GCC_OPTIMIZATION_LEVEL = 0;
				GCC_PREPROCESSOR_DEFINITIONS = (
					"DEBUG=1",
					"$(inherited)",
				);
				GCC_WARN_64_TO_32_BIT_CONVERSION = YES;
				GCC_WARN_ABOUT_RETURN_TYPE = YES_ERROR;
				GCC_WARN_UNDECLARED_SELECTOR = YES;
				GCC_WARN_UNINITIALIZED_AUTOS = YES_AGGRESSIVE;
				GCC_WARN_UNUSED_FUNCTION = YES;
				GCC_WARN_UNUSED_VARIABLE = YES;
				IPHONEOS_DEPLOYMENT_TARGET = 16.4;
				MTL_ENABLE_DEBUG_INFO = INCLUDE_SOURCE;
				MTL_FAST_MATH = YES;
				ONLY_ACTIVE_ARCH = YES;
				SDKROOT = iphoneos;
				SWIFT_ACTIVE_COMPILATION_CONDITIONS = DEBUG;
				SWIFT_OPTIMIZATION_LEVEL = "-Onone";
			};
			name = Debug;
		};
		DC51CA422AF8325100DC8C9A /* Release */ = {
			isa = XCBuildConfiguration;
			buildSettings = {
				ALWAYS_SEARCH_USER_PATHS = NO;
				CLANG_ANALYZER_NONNULL = YES;
				CLANG_ANALYZER_NUMBER_OBJECT_CONVERSION = YES_AGGRESSIVE;
				CLANG_CXX_LANGUAGE_STANDARD = "gnu++20";
				CLANG_ENABLE_MODULES = YES;
				CLANG_ENABLE_OBJC_ARC = YES;
				CLANG_ENABLE_OBJC_WEAK = YES;
				CLANG_WARN_BLOCK_CAPTURE_AUTORELEASING = YES;
				CLANG_WARN_BOOL_CONVERSION = YES;
				CLANG_WARN_COMMA = YES;
				CLANG_WARN_CONSTANT_CONVERSION = YES;
				CLANG_WARN_DEPRECATED_OBJC_IMPLEMENTATIONS = YES;
				CLANG_WARN_DIRECT_OBJC_ISA_USAGE = YES_ERROR;
				CLANG_WARN_DOCUMENTATION_COMMENTS = YES;
				CLANG_WARN_EMPTY_BODY = YES;
				CLANG_WARN_ENUM_CONVERSION = YES;
				CLANG_WARN_INFINITE_RECURSION = YES;
				CLANG_WARN_INT_CONVERSION = YES;
				CLANG_WARN_NON_LITERAL_NULL_CONVERSION = YES;
				CLANG_WARN_OBJC_IMPLICIT_RETAIN_SELF = YES;
				CLANG_WARN_OBJC_LITERAL_CONVERSION = YES;
				CLANG_WARN_OBJC_ROOT_CLASS = YES_ERROR;
				CLANG_WARN_QUOTED_INCLUDE_IN_FRAMEWORK_HEADER = YES;
				CLANG_WARN_RANGE_LOOP_ANALYSIS = YES;
				CLANG_WARN_STRICT_PROTOTYPES = YES;
				CLANG_WARN_SUSPICIOUS_MOVE = YES;
				CLANG_WARN_UNGUARDED_AVAILABILITY = YES_AGGRESSIVE;
				CLANG_WARN_UNREACHABLE_CODE = YES;
				CLANG_WARN__DUPLICATE_METHOD_MATCH = YES;
				COPY_PHASE_STRIP = NO;
				DEBUG_INFORMATION_FORMAT = "dwarf-with-dsym";
				ENABLE_NS_ASSERTIONS = NO;
				ENABLE_STRICT_OBJC_MSGSEND = YES;
				GCC_C_LANGUAGE_STANDARD = gnu11;
				GCC_NO_COMMON_BLOCKS = YES;
				GCC_WARN_64_TO_32_BIT_CONVERSION = YES;
				GCC_WARN_ABOUT_RETURN_TYPE = YES_ERROR;
				GCC_WARN_UNDECLARED_SELECTOR = YES;
				GCC_WARN_UNINITIALIZED_AUTOS = YES_AGGRESSIVE;
				GCC_WARN_UNUSED_FUNCTION = YES;
				GCC_WARN_UNUSED_VARIABLE = YES;
				IPHONEOS_DEPLOYMENT_TARGET = 16.4;
				MTL_ENABLE_DEBUG_INFO = NO;
				MTL_FAST_MATH = YES;
				SDKROOT = iphoneos;
				SWIFT_COMPILATION_MODE = wholemodule;
				SWIFT_OPTIMIZATION_LEVEL = "-O";
				VALIDATE_PRODUCT = YES;
			};
			name = Release;
		};
		DC51CA442AF8325100DC8C9A /* Debug */ = {
			isa = XCBuildConfiguration;
			buildSettings = {
				ASSETCATALOG_COMPILER_APPICON_NAME = AppIcon;
				ASSETCATALOG_COMPILER_GLOBAL_ACCENT_COLOR_NAME = AccentColor;
				CODE_SIGN_STYLE = Automatic;
				CURRENT_PROJECT_VERSION = 1;
				DEVELOPMENT_ASSET_PATHS = "\"LocaGest/Preview Content\"";
				ENABLE_PREVIEWS = YES;
				GENERATE_INFOPLIST_FILE = YES;
				INFOPLIST_KEY_UIApplicationSceneManifest_Generation = YES;
				INFOPLIST_KEY_UIApplicationSupportsIndirectInputEvents = YES;
				INFOPLIST_KEY_UILaunchScreen_Generation = YES;
				INFOPLIST_KEY_UISupportedInterfaceOrientations_iPad = "UIInterfaceOrientationPortrait UIInterfaceOrientationPortraitUpsideDown UIInterfaceOrientationLandscapeLeft UIInterfaceOrientationLandscapeRight";
				INFOPLIST_KEY_UISupportedInterfaceOrientations_iPhone = "UIInterfaceOrientationPortrait UIInterfaceOrientationLandscapeLeft UIInterfaceOrientationLandscapeRight";
				IPHONEOS_DEPLOYMENT_TARGET = 16.0;
				LD_RUNPATH_SEARCH_PATHS = (
					"$(inherited)",
					"@executable_path/Frameworks",
				);
				MARKETING_VERSION = 1.0;
				PRODUCT_BUNDLE_IDENTIFIER = tn.sim.LocaGest;
				PRODUCT_NAME = "$(TARGET_NAME)";
				SWIFT_EMIT_LOC_STRINGS = YES;
				SWIFT_VERSION = 5.0;
				TARGETED_DEVICE_FAMILY = "1,2";
			};
			name = Debug;
		};
		DC51CA452AF8325100DC8C9A /* Release */ = {
			isa = XCBuildConfiguration;
			buildSettings = {
				ASSETCATALOG_COMPILER_APPICON_NAME = AppIcon;
				ASSETCATALOG_COMPILER_GLOBAL_ACCENT_COLOR_NAME = AccentColor;
				CODE_SIGN_STYLE = Automatic;
				CURRENT_PROJECT_VERSION = 1;
				DEVELOPMENT_ASSET_PATHS = "\"LocaGest/Preview Content\"";
				ENABLE_PREVIEWS = YES;
				GENERATE_INFOPLIST_FILE = YES;
				INFOPLIST_KEY_UIApplicationSceneManifest_Generation = YES;
				INFOPLIST_KEY_UIApplicationSupportsIndirectInputEvents = YES;
				INFOPLIST_KEY_UILaunchScreen_Generation = YES;
				INFOPLIST_KEY_UISupportedInterfaceOrientations_iPad = "UIInterfaceOrientationPortrait UIInterfaceOrientationPortraitUpsideDown UIInterfaceOrientationLandscapeLeft UIInterfaceOrientationLandscapeRight";
				INFOPLIST_KEY_UISupportedInterfaceOrientations_iPhone = "UIInterfaceOrientationPortrait UIInterfaceOrientationLandscapeLeft UIInterfaceOrientationLandscapeRight";
				IPHONEOS_DEPLOYMENT_TARGET = 16.0;
				LD_RUNPATH_SEARCH_PATHS = (
					"$(inherited)",
					"@executable_path/Frameworks",
				);
				MARKETING_VERSION = 1.0;
				PRODUCT_BUNDLE_IDENTIFIER = tn.sim.LocaGest;
				PRODUCT_NAME = "$(TARGET_NAME)";
				SWIFT_EMIT_LOC_STRINGS = YES;
				SWIFT_VERSION = 5.0;
				TARGETED_DEVICE_FAMILY = "1,2";
			};
			name = Release;
		};
/* End XCBuildConfiguration section */

/* Begin XCConfigurationList section */
		DC51CA2B2AF8324D00DC8C9A /* Build configuration list for PBXProject "LocaGest" */ = {
			isa = XCConfigurationList;
			buildConfigurations = (
				DC51CA412AF8325100DC8C9A /* Debug */,
				DC51CA422AF8325100DC8C9A /* Release */,
			);
			defaultConfigurationIsVisible = 0;
			defaultConfigurationName = Release;
		};
		DC51CA432AF8325100DC8C9A /* Build configuration list for PBXNativeTarget "LocaGest" */ = {
			isa = XCConfigurationList;
			buildConfigurations = (
				DC51CA442AF8325100DC8C9A /* Debug */,
				DC51CA452AF8325100DC8C9A /* Release */,
			);
			defaultConfigurationIsVisible = 0;
			defaultConfigurationName = Release;
		};
/* End XCConfigurationList section */

/* Begin XCVersionGroup section */
		DC51CA3E2AF8325100DC8C9A /* LocaGest.xcdatamodeld */ = {
			isa = XCVersionGroup;
			children = (
				DC51CA3F2AF8325100DC8C9A /* LocaGest.xcdatamodel */,
			);
			currentVersion = DC51CA3F2AF8325100DC8C9A /* LocaGest.xcdatamodel */;
			path = LocaGest.xcdatamodeld;
			sourceTree = "<group>";
			versionGroupType = wrapper.xcdatamodel;
		};
/* End XCVersionGroup section */
	};
	rootObject = DC51CA282AF8324D00DC8C9A /* Project object */;
}
